
Microsoft Visual Studio Solution File, Format Version 12.00
# Visual Studio Version 17
VisualStudioVersion = 17.9.34616.47
MinimumVisualStudioVersion = 10.0.40219.1
Project("{FAE04EC0-301F-11D3-BF4B-00C04F79EFBC}") = "tpmodul4_1302223137", "tpmodul4_1302223137\tpmodul4_1302223137.csproj", "{1A8AFCF8-402E-43E8-B2EE-6C5D2ECA14EC}"
EndProject
Global
	GlobalSection(SolutionConfigurationPlatforms) = preSolution
		Debug|Any CPU = Debug|Any CPU
		Release|Any CPU = Release|Any CPU
	EndGlobalSection
	GlobalSection(ProjectConfigurationPlatforms) = postSolution
		{1A8AFCF8-402E-43E8-B2EE-6C5D2ECA14EC}.Debug|Any CPU.ActiveCfg = Debug|Any CPU
		{1A8AFCF8-402E-43E8-B2EE-6C5D2ECA14EC}.Debug|Any CPU.Build.0 = Debug|Any CPU
		{1A8AFCF8-402E-43E8-B2EE-6C5D2ECA14EC}.Release|Any CPU.ActiveCfg = Release|Any CPU
		{1A8AFCF8-402E-43E8-B2EE-6C5D2ECA14EC}.Release|Any CPU.Build.0 = Release|Any CPU
	EndGlobalSection
	GlobalSection(SolutionProperties) = preSolution
		HideSolutionNode = FALSE
	EndGlobalSection
	GlobalSection(ExtensibilityGlobals) = postSolution
		SolutionGuid = {D6FB24F0-D80A-4012-BA2A-A64FEF4561CA}
	EndGlobalSection
EndGlobal
